<?xml version="1.0" encoding="UTF-8"?>
<CodeBlocks_project_file>
	<FileVersion major="1" minor="6"/>
	<Project>
		<Option title="AirportSimulator"/>
		<Option makefile_is_custom="1"/>
		<Option compiler="gcc"/>
		<Option virtualFolders="CMake Files\;"/>
		<Build>
			<Target title="all">
				<Option working_dir="/cygdrive/c/Users/emregirgin/CLionProjects/AirportSimulator"/>
				<Option type="4"/>
				<MakeCommands>
					<Build command="/usr/bin/make.exe -f &quot;/cygdrive/c/Users/emregirgin/CLionProjects/AirportSimulator/Makefile&quot;  VERBOSE=1 all"/>
					<CompileFile command="/usr/bin/make.exe -f &quot;/cygdrive/c/Users/emregirgin/CLionProjects/AirportSimulator/Makefile&quot;  VERBOSE=1 &quot;$file&quot;"/>
					<Clean command="/usr/bin/make.exe -f &quot;/cygdrive/c/Users/emregirgin/CLionProjects/AirportSimulator/Makefile&quot;  VERBOSE=1 clean"/>
					<DistClean command="/usr/bin/make.exe -f &quot;/cygdrive/c/Users/emregirgin/CLionProjects/AirportSimulator/Makefile&quot;  VERBOSE=1 clean"/>
				</MakeCommands>
			</Target>
			<Target title="rebuild_cache">
				<Option working_dir="/cygdrive/c/Users/emregirgin/CLionProjects/AirportSimulator"/>
				<Option type="4"/>
				<MakeCommands>
					<Build command="/usr/bin/make.exe -f &quot;/cygdrive/c/Users/emregirgin/CLionProjects/AirportSimulator/Makefile&quot;  VERBOSE=1 rebuild_cache"/>
					<CompileFile command="/usr/bin/make.exe -f &quot;/cygdrive/c/Users/emregirgin/CLionProjects/AirportSimulator/Makefile&quot;  VERBOSE=1 &quot;$file&quot;"/>
					<Clean command="/usr/bin/make.exe -f &quot;/cygdrive/c/Users/emregirgin/CLionProjects/AirportSimulator/Makefile&quot;  VERBOSE=1 clean"/>
					<DistClean command="/usr/bin/make.exe -f &quot;/cygdrive/c/Users/emregirgin/CLionProjects/AirportSimulator/Makefile&quot;  VERBOSE=1 clean"/>
				</MakeCommands>
			</Target>
			<Target title="AirportSimulator">
				<Option output="/cygdrive/c/Users/emregirgin/CLionProjects/AirportSimulator/AirportSimulator.exe" prefix_auto="0" extension_auto="0"/>
				<Option working_dir="/cygdrive/c/Users/emregirgin/CLionProjects/AirportSimulator"/>
				<Option object_output="./"/>
				<Option type="1"/>
				<Option compiler="gcc"/>
				<Compiler/>
				<MakeCommands>
					<Build command="/usr/bin/make.exe -f &quot;/cygdrive/c/Users/emregirgin/CLionProjects/AirportSimulator/Makefile&quot;  VERBOSE=1 AirportSimulator"/>
					<CompileFile command="/usr/bin/make.exe -f &quot;/cygdrive/c/Users/emregirgin/CLionProjects/AirportSimulator/Makefile&quot;  VERBOSE=1 &quot;$file&quot;"/>
					<Clean command="/usr/bin/make.exe -f &quot;/cygdrive/c/Users/emregirgin/CLionProjects/AirportSimulator/Makefile&quot;  VERBOSE=1 clean"/>
					<DistClean command="/usr/bin/make.exe -f &quot;/cygdrive/c/Users/emregirgin/CLionProjects/AirportSimulator/Makefile&quot;  VERBOSE=1 clean"/>
				</MakeCommands>
			</Target>
			<Target title="AirportSimulator/fast">
				<Option output="/cygdrive/c/Users/emregirgin/CLionProjects/AirportSimulator/AirportSimulator.exe" prefix_auto="0" extension_auto="0"/>
				<Option working_dir="/cygdrive/c/Users/emregirgin/CLionProjects/AirportSimulator"/>
				<Option object_output="./"/>
				<Option type="1"/>
				<Option compiler="gcc"/>
				<Compiler/>
				<MakeCommands>
					<Build command="/usr/bin/make.exe -f &quot;/cygdrive/c/Users/emregirgin/CLionProjects/AirportSimulator/Makefile&quot;  VERBOSE=1 AirportSimulator/fast"/>
					<CompileFile command="/usr/bin/make.exe -f &quot;/cygdrive/c/Users/emregirgin/CLionProjects/AirportSimulator/Makefile&quot;  VERBOSE=1 &quot;$file&quot;"/>
					<Clean command="/usr/bin/make.exe -f &quot;/cygdrive/c/Users/emregirgin/CLionProjects/AirportSimulator/Makefile&quot;  VERBOSE=1 clean"/>
					<DistClean command="/usr/bin/make.exe -f &quot;/cygdrive/c/Users/emregirgin/CLionProjects/AirportSimulator/Makefile&quot;  VERBOSE=1 clean"/>
				</MakeCommands>
			</Target>
			<Target title="edit_cache">
				<Option working_dir="/cygdrive/c/Users/emregirgin/CLionProjects/AirportSimulator"/>
				<Option type="4"/>
				<MakeCommands>
					<Build command="/usr/bin/make.exe -f &quot;/cygdrive/c/Users/emregirgin/CLionProjects/AirportSimulator/Makefile&quot;  VERBOSE=1 edit_cache"/>
					<CompileFile command="/usr/bin/make.exe -f &quot;/cygdrive/c/Users/emregirgin/CLionProjects/AirportSimulator/Makefile&quot;  VERBOSE=1 &quot;$file&quot;"/>
					<Clean command="/usr/bin/make.exe -f &quot;/cygdrive/c/Users/emregirgin/CLionProjects/AirportSimulator/Makefile&quot;  VERBOSE=1 clean"/>
					<DistClean command="/usr/bin/make.exe -f &quot;/cygdrive/c/Users/emregirgin/CLionProjects/AirportSimulator/Makefile&quot;  VERBOSE=1 clean"/>
				</MakeCommands>
			</Target>
		</Build>
		<Unit filename="/cygdrive/c/Users/emregirgin/CLionProjects/AirportSimulator/LuggageCounter.cpp">
			<Option target="AirportSimulator"/>
		</Unit>
		<Unit filename="/cygdrive/c/Users/emregirgin/CLionProjects/AirportSimulator/LuggageCounter.h">
			<Option target="AirportSimulator"/>
		</Unit>
		<Unit filename="/cygdrive/c/Users/emregirgin/CLionProjects/AirportSimulator/Passenger.cpp">
			<Option target="AirportSimulator"/>
		</Unit>
		<Unit filename="/cygdrive/c/Users/emregirgin/CLionProjects/AirportSimulator/Passenger.h">
			<Option target="AirportSimulator"/>
		</Unit>
		<Unit filename="/cygdrive/c/Users/emregirgin/CLionProjects/AirportSimulator/SecurityCounter.cpp">
			<Option target="AirportSimulator"/>
		</Unit>
		<Unit filename="/cygdrive/c/Users/emregirgin/CLionProjects/AirportSimulator/SecurityCounter.h">
			<Option target="AirportSimulator"/>
		</Unit>
		<Unit filename="/cygdrive/c/Users/emregirgin/CLionProjects/AirportSimulator/Simulator.cpp">
			<Option target="AirportSimulator"/>
		</Unit>
		<Unit filename="/cygdrive/c/Users/emregirgin/CLionProjects/AirportSimulator/Simulator.h">
			<Option target="AirportSimulator"/>
		</Unit>
		<Unit filename="/cygdrive/c/Users/emregirgin/CLionProjects/AirportSimulator/main.cpp">
			<Option target="AirportSimulator"/>
		</Unit>
		<Unit filename="/cygdrive/c/Users/emregirgin/CLionProjects/AirportSimulator/CMakeLists.txt">
			<Option virtualFolder="CMake Files\"/>
		</Unit>
	</Project>
</CodeBlocks_project_file>
